<?xml version="1.0" encoding="utf-8"?>
<Project ToolsVersion="4.0" xmlns="http://schemas.microsoft.com/developer/msbuild/2003">
  <ItemGroup>
    <Filter Include="VS">
      <UniqueIdentifier>{3c2fc35e-4110-43db-9506-896c080ea0e2}</UniqueIdentifier>
    </Filter>
    <Filter Include="PS">
      <UniqueIdentifier>{e2f6fd3d-1477-41d7-a6d7-ef3673d13163}</UniqueIdentifier>
    </Filter>
  </ItemGroup>
  <ItemGroup>
    <FxCompile Include="$(MSBuildThisFileDirectory)TriangleVS.hlsl">
      <Filter>VS</Filter>
    </FxCompile>
    <FxCompile Include="$(MSBuildThisFileDirectory)TrianglePS.hlsl">
      <Filter>PS</Filter>
    </FxCompile>
    <FxCompile Include="$(MSBuildThisFileDirectory)SpritePS.hlsl">
      <Filter>PS</Filter>
    </FxCompile>
    <FxCompile Include="$(MSBuildThisFileDirectory)SpriteVS.hlsl">
      <Filter>VS</Filter>
    </FxCompile>
    <FxCompile Include="$(MSBuildThisFileDirectory)GridVS.hlsl">
      <Filter>VS</Filter>
    </FxCompile>
    <FxCompile Include="$(MSBuildThisFileDirectory)GridPS.hlsl">
      <Filter>PS</Filter>
    </FxCompile>
  </ItemGroup>
  <ItemGroup>
    <None Include="$(MSBuildThisFileDirectory)globals.hlsli" />
  </ItemGroup>
</Project>