<?xml version="1.0" encoding="utf-8"?>
<Project ToolsVersion="4.0" xmlns="http://schemas.microsoft.com/developer/msbuild/2003">
  <ItemGroup>
    <ClCompile Include="DX2D_day07_05-24.cpp" />
    <ClCompile Include="DX2D_day06_05-22.cpp" />
    <ClCompile Include="DX2D_day08_05-25.cpp" />
    <ClCompile Include="DX2D_day09_05-30.cpp" />
    <ClCompile Include="DX2d_day10_05-31.cpp" />
    <ClCompile Include="DX2D_day11_06-01.cpp" />
    <ClCompile Include="DX2D_day12_06-02.cpp" />
    <ClCompile Include="DX2D_day13_06-07.cpp" />
  </ItemGroup>
  <ItemGroup>
    <Text Include="DX2D_day02_05-16.txt" />
    <Text Include="DX2D_day03_05-17.txt" />
    <Text Include="DX2D_day04_05-18.txt" />
    <Text Include="DX2D_day05_05-19.txt" />
    <Text Include="버그.txt" />
  </ItemGroup>
  <ItemGroup>
    <None Include="렌더링 파이프라인.pdf" />
  </ItemGroup>
</Project>