<?xml version="1.0" encoding="utf-8"?>
<Project ToolsVersion="4.0" xmlns="http://schemas.microsoft.com/developer/msbuild/2003">
  <ItemGroup>
    <ClCompile Include="DX2D_day07_05-24.cpp" />
    <ClCompile Include="DX2D_day06_05-22.cpp" />
    <ClCompile Include="DX2D_day08_05-25.cpp" />
    <ClCompile Include="DX2D_day09_05-30.cpp" />
    <ClCompile Include="DX2d_day10_05-31.cpp" />
    <ClCompile Include="DX2D_day11_06-01.cpp" />
    <ClCompile Include="DX2D_day12_06-02.cpp" />
    <ClCompile Include="DX2D_day13_06-07.cpp" />
    <ClCompile Include="DX2D_day14_06-08.cpp" />
    <ClCompile Include="DX2D_day15_06-14.cpp" />
    <ClCompile Include="DX2D_day16,17_06-15,16.cpp" />
    <ClCompile Include="DX2D_day18_06-19.cpp" />
    <ClCompile Include="DX2D_day19_06-20.cpp" />
    <ClCompile Include="DX2D_day20_06-21.cpp" />
    <ClCompile Include="DX2D_day21_06-22.cpp" />
    <ClCompile Include="DX2D_day22,2317_06-26,27.cpp" />
    <ClCompile Include="DX2D_day24_06-28.cpp" />
    <ClCompile Include="DX2D_day25_06-30.cpp" />
    <ClCompile Include="DX2D_day26,27_07-05,06.cpp" />
    <ClCompile Include="DX2D_day28_07-10.cpp" />
    <ClCompile Include="DX2D_day29_07-12.cpp" />
    <ClCompile Include="DX2D_day30_07-13.cpp" />
    <ClCompile Include="DX2D_day31_07-17.cpp" />
    <ClCompile Include="DX2D_day32_07-18.cpp" />
    <ClCompile Include="DX2D_day33_07-20.cpp" />
    <ClCompile Include="DX2D_day34_07-21.cpp" />
    <ClCompile Include="DX2D_day35_07-25.cpp" />
  </ItemGroup>
  <ItemGroup>
    <Text Include="DX2D_day02_05-16.txt" />
    <Text Include="DX2D_day03_05-17.txt" />
    <Text Include="DX2D_day04_05-18.txt" />
    <Text Include="DX2D_day05_05-19.txt" />
    <Text Include="버그.txt" />
  </ItemGroup>
  <ItemGroup>
    <None Include="렌더링 파이프라인.pdf" />
  </ItemGroup>
</Project>